
Microsoft Visual Studio Solution File, Format Version 12.00
# Visual Studio Version 17
VisualStudioVersion = 17.2.32519.379
MinimumVisualStudioVersion = 10.0.40219.1
Project("{FAE04EC0-301F-11D3-BF4B-00C04F79EFBC}") = "prob8", "prob8\prob8.csproj", "{753BB84C-77BE-46D3-8264-17F311303F2F}"
EndProject
Global
	GlobalSection(SolutionConfigurationPlatforms) = preSolution
		Debug|Any CPU = Debug|Any CPU
		Release|Any CPU = Release|Any CPU
	EndGlobalSection
	GlobalSection(ProjectConfigurationPlatforms) = postSolution
		{753BB84C-77BE-46D3-8264-17F311303F2F}.Debug|Any CPU.ActiveCfg = Debug|Any CPU
		{753BB84C-77BE-46D3-8264-17F311303F2F}.Debug|Any CPU.Build.0 = Debug|Any CPU
		{753BB84C-77BE-46D3-8264-17F311303F2F}.Release|Any CPU.ActiveCfg = Release|Any CPU
		{753BB84C-77BE-46D3-8264-17F311303F2F}.Release|Any CPU.Build.0 = Release|Any CPU
	EndGlobalSection
	GlobalSection(SolutionProperties) = preSolution
		HideSolutionNode = FALSE
	EndGlobalSection
	GlobalSection(ExtensibilityGlobals) = postSolution
		SolutionGuid = {2E34FE2E-1DD2-4425-8B8A-003C58FCDF49}
	EndGlobalSection
EndGlobal
