
Microsoft Visual Studio Solution File, Format Version 12.00
# Visual Studio Version 17
VisualStudioVersion = 17.2.32519.379
MinimumVisualStudioVersion = 10.0.40219.1
Project("{FAE04EC0-301F-11D3-BF4B-00C04F79EFBC}") = "Act2Problem1", "Act2Problem1\Act2Problem1.csproj", "{1A6E3E90-F20C-411E-B5F6-1A6F83A6527B}"
EndProject
Global
	GlobalSection(SolutionConfigurationPlatforms) = preSolution
		Debug|Any CPU = Debug|Any CPU
		Release|Any CPU = Release|Any CPU
	EndGlobalSection
	GlobalSection(ProjectConfigurationPlatforms) = postSolution
		{1A6E3E90-F20C-411E-B5F6-1A6F83A6527B}.Debug|Any CPU.ActiveCfg = Debug|Any CPU
		{1A6E3E90-F20C-411E-B5F6-1A6F83A6527B}.Debug|Any CPU.Build.0 = Debug|Any CPU
		{1A6E3E90-F20C-411E-B5F6-1A6F83A6527B}.Release|Any CPU.ActiveCfg = Release|Any CPU
		{1A6E3E90-F20C-411E-B5F6-1A6F83A6527B}.Release|Any CPU.Build.0 = Release|Any CPU
	EndGlobalSection
	GlobalSection(SolutionProperties) = preSolution
		HideSolutionNode = FALSE
	EndGlobalSection
	GlobalSection(ExtensibilityGlobals) = postSolution
		SolutionGuid = {9FBF6C03-7EDA-4514-A55A-4B8CC06850DA}
	EndGlobalSection
EndGlobal
